
Microsoft Visual Studio Solution File, Format Version 12.00
# Visual Studio Version 17
VisualStudioVersion = 17.3.32929.385
MinimumVisualStudioVersion = 10.0.40219.1
Project("{9A19103F-16F7-4668-BE54-9A1E7A4F7556}") = "MagicVilla_VillaAPI", "MagicVilla_VillaAPI\MagicVilla_VillaAPI.csproj", "{3B38EA14-0421-4E9B-825D-B7E440149223}"
EndProject
Project("{FAE04EC0-301F-11D3-BF4B-00C04F79EFBC}") = "MagicVilla_Web", "MagicVilla_Web\MagicVilla_Web.csproj", "{D9349659-CC3B-425C-893A-C5ED233AFC89}"
EndProject
Global
	GlobalSection(SolutionConfigurationPlatforms) = preSolution
		Debug|Any CPU = Debug|Any CPU
		Release|Any CPU = Release|Any CPU
	EndGlobalSection
	GlobalSection(ProjectConfigurationPlatforms) = postSolution
		{3B38EA14-0421-4E9B-825D-B7E440149223}.Debug|Any CPU.ActiveCfg = Debug|Any CPU
		{3B38EA14-0421-4E9B-825D-B7E440149223}.Debug|Any CPU.Build.0 = Debug|Any CPU
		{3B38EA14-0421-4E9B-825D-B7E440149223}.Release|Any CPU.ActiveCfg = Release|Any CPU
		{3B38EA14-0421-4E9B-825D-B7E440149223}.Release|Any CPU.Build.0 = Release|Any CPU
		{D9349659-CC3B-425C-893A-C5ED233AFC89}.Debug|Any CPU.ActiveCfg = Debug|Any CPU
		{D9349659-CC3B-425C-893A-C5ED233AFC89}.Debug|Any CPU.Build.0 = Debug|Any CPU
		{D9349659-CC3B-425C-893A-C5ED233AFC89}.Release|Any CPU.ActiveCfg = Release|Any CPU
		{D9349659-CC3B-425C-893A-C5ED233AFC89}.Release|Any CPU.Build.0 = Release|Any CPU
	EndGlobalSection
	GlobalSection(SolutionProperties) = preSolution
		HideSolutionNode = FALSE
	EndGlobalSection
	GlobalSection(ExtensibilityGlobals) = postSolution
		SolutionGuid = {A24C06A4-1C34-491B-9890-080C1F2C10DC}
	EndGlobalSection
EndGlobal
